
Microsoft Visual Studio Solution File, Format Version 12.00
# Visual Studio Version 16
VisualStudioVersion = 16.0.31702.278
MinimumVisualStudioVersion = 10.0.40219.1
Project("{FAE04EC0-301F-11D3-BF4B-00C04F79EFBC}") = "2019AP601", "2019AP601.csproj", "{D4CC3C73-EE9C-422C-BD3F-FE8E456505C6}"
EndProject
Global
	GlobalSection(SolutionConfigurationPlatforms) = preSolution
		Debug|Any CPU = Debug|Any CPU
		Release|Any CPU = Release|Any CPU
	EndGlobalSection
	GlobalSection(ProjectConfigurationPlatforms) = postSolution
		{D4CC3C73-EE9C-422C-BD3F-FE8E456505C6}.Debug|Any CPU.ActiveCfg = Debug|Any CPU
		{D4CC3C73-EE9C-422C-BD3F-FE8E456505C6}.Debug|Any CPU.Build.0 = Debug|Any CPU
		{D4CC3C73-EE9C-422C-BD3F-FE8E456505C6}.Release|Any CPU.ActiveCfg = Release|Any CPU
		{D4CC3C73-EE9C-422C-BD3F-FE8E456505C6}.Release|Any CPU.Build.0 = Release|Any CPU
	EndGlobalSection
	GlobalSection(SolutionProperties) = preSolution
		HideSolutionNode = FALSE
	EndGlobalSection
	GlobalSection(ExtensibilityGlobals) = postSolution
		SolutionGuid = {36BF36E6-2BDD-4296-A371-8BB7F88A19DB}
	EndGlobalSection
EndGlobal
